Microsoft Visual Studio Solution File, Format Version 12.00
# Visual Studio 15
VisualStudioVersion = 15.0.27130.2010
MinimumVisualStudioVersion = 10.0.40219.1
Project("{FAE04EC0-301F-11D3-BF4B-00C04F79EFBC}") = "logRunner", "logRunner.csproj", "{19960975-6B82-4A02-B458-0CC0D17FCD01}"
EndProject
Global
	GlobalSection(SolutionConfigurationPlatforms) = preSolution
		Debug|x86 = Debug|x86
		Release|x86 = Release|x86
	EndGlobalSection
	GlobalSection(ProjectConfigurationPlatforms) = postSolution
		{19960975-6B82-4A02-B458-0CC0D17FCD01}.Debug|x86.ActiveCfg = Debug|x86
		{19960975-6B82-4A02-B458-0CC0D17FCD01}.Debug|x86.Build.0 = Debug|x86
	EndGlobalSection
	GlobalSection(SolutionProperties) = preSolution
		HideSolutionNode = FALSE
	EndGlobalSection
	GlobalSection(ExtensibilityGlobals) = postSolution
		SolutionGuid = {9F860386-AA39-4661-BBE5-3884EB1535BA}
	EndGlobalSection
	GlobalSection(MonoDevelopProperties) = preSolution
		outputpath = bin/Debug
		version = 0.01
	EndGlobalSection
EndGlobal
